
Microsoft Visual Studio Solution File, Format Version 12.00
# Visual Studio 15
VisualStudioVersion = 15.0.27130.2010
MinimumVisualStudioVersion = 10.0.40219.1
Project("{FAE04EC0-301F-11D3-BF4B-00C04F79EFBC}") = "Example_2", "Example_2\Example_2.csproj", "{ED2A87CB-EAEC-4E4C-84D2-48D185BCBF45}"
EndProject
Global
	GlobalSection(SolutionConfigurationPlatforms) = preSolution
		Debug|Any CPU = Debug|Any CPU
		Release|Any CPU = Release|Any CPU
	EndGlobalSection
	GlobalSection(ProjectConfigurationPlatforms) = postSolution
		{ED2A87CB-EAEC-4E4C-84D2-48D185BCBF45}.Debug|Any CPU.ActiveCfg = Debug|Any CPU
		{ED2A87CB-EAEC-4E4C-84D2-48D185BCBF45}.Debug|Any CPU.Build.0 = Debug|Any CPU
		{ED2A87CB-EAEC-4E4C-84D2-48D185BCBF45}.Release|Any CPU.ActiveCfg = Release|Any CPU
		{ED2A87CB-EAEC-4E4C-84D2-48D185BCBF45}.Release|Any CPU.Build.0 = Release|Any CPU
	EndGlobalSection
	GlobalSection(SolutionProperties) = preSolution
		HideSolutionNode = FALSE
	EndGlobalSection
	GlobalSection(ExtensibilityGlobals) = postSolution
		SolutionGuid = {31BFA00A-E125-4473-81E5-61596614FA8F}
	EndGlobalSection
EndGlobal
